
Microsoft Visual Studio Solution File, Format Version 12.00
# Visual Studio Version 16
VisualStudioVersion = 16.0.30804.86
MinimumVisualStudioVersion = 10.0.40219.1
Project("{FAE04EC0-301F-11D3-BF4B-00C04F79EFBC}") = "DataAccess", "DataAccess\DataAccess.csproj", "{5D631F6F-38DE-48DB-980F-8FEE674BBAC9}"
EndProject
Project("{FAE04EC0-301F-11D3-BF4B-00C04F79EFBC}") = "Business", "Business\Business.csproj", "{F7821377-973E-4BD8-A940-6E9F5F500617}"
EndProject
Project("{FAE04EC0-301F-11D3-BF4B-00C04F79EFBC}") = "Entities", "Entities\Entities.csproj", "{51067E2C-FE34-4748-B856-33F456B6FB50}"
EndProject
Project("{FAE04EC0-301F-11D3-BF4B-00C04F79EFBC}") = "ConsoleUI", "ConsoleUI\ConsoleUI.csproj", "{D164235D-3252-4D41-BCCC-CAE76AF761E3}"
EndProject
Global
	GlobalSection(SolutionConfigurationPlatforms) = preSolution
		Debug|Any CPU = Debug|Any CPU
		Release|Any CPU = Release|Any CPU
	EndGlobalSection
	GlobalSection(ProjectConfigurationPlatforms) = postSolution
		{5D631F6F-38DE-48DB-980F-8FEE674BBAC9}.Debug|Any CPU.ActiveCfg = Debug|Any CPU
		{5D631F6F-38DE-48DB-980F-8FEE674BBAC9}.Debug|Any CPU.Build.0 = Debug|Any CPU
		{5D631F6F-38DE-48DB-980F-8FEE674BBAC9}.Release|Any CPU.ActiveCfg = Release|Any CPU
		{5D631F6F-38DE-48DB-980F-8FEE674BBAC9}.Release|Any CPU.Build.0 = Release|Any CPU
		{F7821377-973E-4BD8-A940-6E9F5F500617}.Debug|Any CPU.ActiveCfg = Debug|Any CPU
		{F7821377-973E-4BD8-A940-6E9F5F500617}.Debug|Any CPU.Build.0 = Debug|Any CPU
		{F7821377-973E-4BD8-A940-6E9F5F500617}.Release|Any CPU.ActiveCfg = Release|Any CPU
		{F7821377-973E-4BD8-A940-6E9F5F500617}.Release|Any CPU.Build.0 = Release|Any CPU
		{51067E2C-FE34-4748-B856-33F456B6FB50}.Debug|Any CPU.ActiveCfg = Debug|Any CPU
		{51067E2C-FE34-4748-B856-33F456B6FB50}.Debug|Any CPU.Build.0 = Debug|Any CPU
		{51067E2C-FE34-4748-B856-33F456B6FB50}.Release|Any CPU.ActiveCfg = Release|Any CPU
		{51067E2C-FE34-4748-B856-33F456B6FB50}.Release|Any CPU.Build.0 = Release|Any CPU
		{D164235D-3252-4D41-BCCC-CAE76AF761E3}.Debug|Any CPU.ActiveCfg = Debug|Any CPU
		{D164235D-3252-4D41-BCCC-CAE76AF761E3}.Debug|Any CPU.Build.0 = Debug|Any CPU
		{D164235D-3252-4D41-BCCC-CAE76AF761E3}.Release|Any CPU.ActiveCfg = Release|Any CPU
		{D164235D-3252-4D41-BCCC-CAE76AF761E3}.Release|Any CPU.Build.0 = Release|Any CPU
	EndGlobalSection
	GlobalSection(SolutionProperties) = preSolution
		HideSolutionNode = FALSE
	EndGlobalSection
	GlobalSection(ExtensibilityGlobals) = postSolution
		SolutionGuid = {A1E32503-48A0-42AB-9211-7B8F83CA4D14}
	EndGlobalSection
EndGlobal
